{
  "name": "nova-studio-desktop",
  "lockfileVersion": 3,
  "requires": true,
  "packages": {
    "": {
      "name": "nova-studio-desktop",
      "devDependencies": {
        "innosetup-compiler": "6.3.1"
      }
    },
    "node_modules/innosetup-compiler": {
      "version": "6.3.1",
      "resolved": "https://registry.npmjs.org/innosetup-compiler/-/innosetup-compiler-6.3.1.tgz",
      "integrity": "sha512-Qynw7Xjv7ZN/beBvS7Kt+QL50Q/Zbf7cJDHZmxmwNbxqgZEWCZ+5tggC6naF4ij/9PqRfpvDP1ecZLFwusu6Lw==",
      "dev": true,
      "bin": {
        "innosetup-compiler": "lib/iscc"
      },
      "engines": {
        "node": ">= 0.8.0"
      }
    }
  }
}
